
Microsoft Visual Studio Solution File, Format Version 12.00
# Visual Studio Version 17
VisualStudioVersion = 17.3.32922.545
MinimumVisualStudioVersion = 10.0.40219.1
Project("{FAE04EC0-301F-11D3-BF4B-00C04F79EFBC}") = "Interface_lab№1", "Interface_lab№1\Interface_lab№1.csproj", "{68E2EAAE-A1A6-41B1-9B44-955ADCDDD6A4}"
EndProject
Global
	GlobalSection(SolutionConfigurationPlatforms) = preSolution
		Debug|Any CPU = Debug|Any CPU
		Release|Any CPU = Release|Any CPU
	EndGlobalSection
	GlobalSection(ProjectConfigurationPlatforms) = postSolution
		{68E2EAAE-A1A6-41B1-9B44-955ADCDDD6A4}.Debug|Any CPU.ActiveCfg = Debug|Any CPU
		{68E2EAAE-A1A6-41B1-9B44-955ADCDDD6A4}.Debug|Any CPU.Build.0 = Debug|Any CPU
		{68E2EAAE-A1A6-41B1-9B44-955ADCDDD6A4}.Release|Any CPU.ActiveCfg = Release|Any CPU
		{68E2EAAE-A1A6-41B1-9B44-955ADCDDD6A4}.Release|Any CPU.Build.0 = Release|Any CPU
	EndGlobalSection
	GlobalSection(SolutionProperties) = preSolution
		HideSolutionNode = FALSE
	EndGlobalSection
	GlobalSection(ExtensibilityGlobals) = postSolution
		SolutionGuid = {F2F92D9B-4A8F-4701-88B7-C04361F8C95E}
	EndGlobalSection
EndGlobal
